
Microsoft Visual Studio Solution File, Format Version 12.00
# Visual Studio Version 17
VisualStudioVersion = 17.5.33516.290
MinimumVisualStudioVersion = 10.0.40219.1
Project("{888888A0-9F3D-457C-B088-3A5042F75D52}") = "PTB_Assinment_1", "PTB_Assinment_1.pyproj", "{32575ECC-D8EA-4DFC-92A9-9787CA0DBAF1}"
EndProject
Global
	GlobalSection(SolutionConfigurationPlatforms) = preSolution
		Debug|Any CPU = Debug|Any CPU
		Release|Any CPU = Release|Any CPU
	EndGlobalSection
	GlobalSection(ProjectConfigurationPlatforms) = postSolution
		{32575ECC-D8EA-4DFC-92A9-9787CA0DBAF1}.Debug|Any CPU.ActiveCfg = Debug|Any CPU
		{32575ECC-D8EA-4DFC-92A9-9787CA0DBAF1}.Release|Any CPU.ActiveCfg = Release|Any CPU
	EndGlobalSection
	GlobalSection(SolutionProperties) = preSolution
		HideSolutionNode = FALSE
	EndGlobalSection
	GlobalSection(ExtensibilityGlobals) = postSolution
		SolutionGuid = {E9B6EA79-9FC2-4CE6-ACFE-9006B5921D6C}
	EndGlobalSection
EndGlobal
